
Microsoft Visual Studio Solution File, Format Version 12.00
# Visual Studio 15
VisualStudioVersion = 15.0.27130.2003
MinimumVisualStudioVersion = 10.0.40219.1
Project("{FAE04EC0-301F-11D3-BF4B-00C04F79EFBC}") = "Synthesizer.CLI", "Synthesizer.CLI\Synthesizer.CLI.csproj", "{0461554D-4D67-4CF3-A56E-23C01FBFC8C6}"
EndProject
Project("{FAE04EC0-301F-11D3-BF4B-00C04F79EFBC}") = "Synthesizer", "Synthesizer\Synthesizer.csproj", "{4C2F6DFE-540E-444F-927E-5EC9A1F5D5CC}"
EndProject
Project("{FAE04EC0-301F-11D3-BF4B-00C04F79EFBC}") = "Synthesizer.Tests", "Synthesizer.Tests\Synthesizer.Tests.csproj", "{358FC122-76DC-4BD2-B958-DAAB36219AA9}"
EndProject
Global
	GlobalSection(SolutionConfigurationPlatforms) = preSolution
		Debug|Any CPU = Debug|Any CPU
		Release|Any CPU = Release|Any CPU
	EndGlobalSection
	GlobalSection(ProjectConfigurationPlatforms) = postSolution
		{0461554D-4D67-4CF3-A56E-23C01FBFC8C6}.Debug|Any CPU.ActiveCfg = Debug|Any CPU
		{0461554D-4D67-4CF3-A56E-23C01FBFC8C6}.Debug|Any CPU.Build.0 = Debug|Any CPU
		{0461554D-4D67-4CF3-A56E-23C01FBFC8C6}.Release|Any CPU.ActiveCfg = Release|Any CPU
		{0461554D-4D67-4CF3-A56E-23C01FBFC8C6}.Release|Any CPU.Build.0 = Release|Any CPU
		{4C2F6DFE-540E-444F-927E-5EC9A1F5D5CC}.Debug|Any CPU.ActiveCfg = Debug|Any CPU
		{4C2F6DFE-540E-444F-927E-5EC9A1F5D5CC}.Debug|Any CPU.Build.0 = Debug|Any CPU
		{4C2F6DFE-540E-444F-927E-5EC9A1F5D5CC}.Release|Any CPU.ActiveCfg = Release|Any CPU
		{4C2F6DFE-540E-444F-927E-5EC9A1F5D5CC}.Release|Any CPU.Build.0 = Release|Any CPU
		{358FC122-76DC-4BD2-B958-DAAB36219AA9}.Debug|Any CPU.ActiveCfg = Debug|Any CPU
		{358FC122-76DC-4BD2-B958-DAAB36219AA9}.Debug|Any CPU.Build.0 = Debug|Any CPU
		{358FC122-76DC-4BD2-B958-DAAB36219AA9}.Release|Any CPU.ActiveCfg = Release|Any CPU
		{358FC122-76DC-4BD2-B958-DAAB36219AA9}.Release|Any CPU.Build.0 = Release|Any CPU
	EndGlobalSection
	GlobalSection(SolutionProperties) = preSolution
		HideSolutionNode = FALSE
	EndGlobalSection
	GlobalSection(ExtensibilityGlobals) = postSolution
		SolutionGuid = {8D558BB2-DA16-4204-89D3-36B5F701F88A}
	EndGlobalSection
EndGlobal
